
Microsoft Visual Studio Solution File, Format Version 12.00
# Visual Studio Version 17
VisualStudioVersion = 17.4.33205.214
MinimumVisualStudioVersion = 10.0.40219.1
Project("{FAE04EC0-301F-11D3-BF4B-00C04F79EFBC}") = "trivial-01", "trivial-01\trivial-01.csproj", "{5F7C7A1B-E99F-4BDE-B609-8ECC7CDB2954}"
EndProject
Project("{FAE04EC0-301F-11D3-BF4B-00C04F79EFBC}") = "trivial-02", "trivial-02\trivial-02.csproj", "{C69EE629-CF36-4C61-9F3B-FB64CBA5E317}"
EndProject
Global
	GlobalSection(SolutionConfigurationPlatforms) = preSolution
		Debug|Any CPU = Debug|Any CPU
		Debug|x64 = Debug|x64
		Release|Any CPU = Release|Any CPU
		Release|x64 = Release|x64
	EndGlobalSection
	GlobalSection(ProjectConfigurationPlatforms) = postSolution
		{5F7C7A1B-E99F-4BDE-B609-8ECC7CDB2954}.Debug|Any CPU.ActiveCfg = Debug|Any CPU
		{5F7C7A1B-E99F-4BDE-B609-8ECC7CDB2954}.Debug|Any CPU.Build.0 = Debug|Any CPU
		{5F7C7A1B-E99F-4BDE-B609-8ECC7CDB2954}.Debug|x64.ActiveCfg = Debug|x64
		{5F7C7A1B-E99F-4BDE-B609-8ECC7CDB2954}.Debug|x64.Build.0 = Debug|x64
		{5F7C7A1B-E99F-4BDE-B609-8ECC7CDB2954}.Release|Any CPU.ActiveCfg = Release|Any CPU
		{5F7C7A1B-E99F-4BDE-B609-8ECC7CDB2954}.Release|Any CPU.Build.0 = Release|Any CPU
		{5F7C7A1B-E99F-4BDE-B609-8ECC7CDB2954}.Release|x64.ActiveCfg = Release|x64
		{5F7C7A1B-E99F-4BDE-B609-8ECC7CDB2954}.Release|x64.Build.0 = Release|x64
		{C69EE629-CF36-4C61-9F3B-FB64CBA5E317}.Debug|Any CPU.ActiveCfg = Debug|Any CPU
		{C69EE629-CF36-4C61-9F3B-FB64CBA5E317}.Debug|Any CPU.Build.0 = Debug|Any CPU
		{C69EE629-CF36-4C61-9F3B-FB64CBA5E317}.Debug|x64.ActiveCfg = Debug|Any CPU
		{C69EE629-CF36-4C61-9F3B-FB64CBA5E317}.Debug|x64.Build.0 = Debug|Any CPU
		{C69EE629-CF36-4C61-9F3B-FB64CBA5E317}.Release|Any CPU.ActiveCfg = Release|Any CPU
		{C69EE629-CF36-4C61-9F3B-FB64CBA5E317}.Release|Any CPU.Build.0 = Release|Any CPU
		{C69EE629-CF36-4C61-9F3B-FB64CBA5E317}.Release|x64.ActiveCfg = Release|Any CPU
		{C69EE629-CF36-4C61-9F3B-FB64CBA5E317}.Release|x64.Build.0 = Release|Any CPU
	EndGlobalSection
	GlobalSection(SolutionProperties) = preSolution
		HideSolutionNode = FALSE
	EndGlobalSection
	GlobalSection(ExtensibilityGlobals) = postSolution
		SolutionGuid = {41EC7F46-BC6B-42CF-A09F-700F85C60D32}
	EndGlobalSection
EndGlobal
