
Microsoft Visual Studio Solution File, Format Version 12.00
# Visual Studio Version 16
VisualStudioVersion = 16.0.29709.97
MinimumVisualStudioVersion = 10.0.40219.1
Project("{9A19103F-16F7-4668-BE54-9A1E7A4F7556}") = "mbt-lib", "mbt-lib\mbt-lib.csproj", "{99988C50-EBB1-4250-8B6F-E52672BD22A9}"
EndProject
Project("{9A19103F-16F7-4668-BE54-9A1E7A4F7556}") = "mbt-webapp", "mbt-webapp\mbt-webapp.csproj", "{3A61761A-410B-457E-8BAF-B28F609337E3}"
EndProject
Project("{FAE04EC0-301F-11D3-BF4B-00C04F79EFBC}") = "mbt-test", "mbt-test\mbt-test.csproj", "{A4135E07-A09B-41BB-B9DA-A900B611A993}"
EndProject
Global
	GlobalSection(SolutionConfigurationPlatforms) = preSolution
		Debug|Any CPU = Debug|Any CPU
		Release|Any CPU = Release|Any CPU
	EndGlobalSection
	GlobalSection(ProjectConfigurationPlatforms) = postSolution
		{99988C50-EBB1-4250-8B6F-E52672BD22A9}.Debug|Any CPU.ActiveCfg = Debug|Any CPU
		{99988C50-EBB1-4250-8B6F-E52672BD22A9}.Debug|Any CPU.Build.0 = Debug|Any CPU
		{99988C50-EBB1-4250-8B6F-E52672BD22A9}.Release|Any CPU.ActiveCfg = Release|Any CPU
		{99988C50-EBB1-4250-8B6F-E52672BD22A9}.Release|Any CPU.Build.0 = Release|Any CPU
		{3A61761A-410B-457E-8BAF-B28F609337E3}.Debug|Any CPU.ActiveCfg = Debug|Any CPU
		{3A61761A-410B-457E-8BAF-B28F609337E3}.Debug|Any CPU.Build.0 = Debug|Any CPU
		{3A61761A-410B-457E-8BAF-B28F609337E3}.Release|Any CPU.ActiveCfg = Release|Any CPU
		{3A61761A-410B-457E-8BAF-B28F609337E3}.Release|Any CPU.Build.0 = Release|Any CPU
		{A4135E07-A09B-41BB-B9DA-A900B611A993}.Debug|Any CPU.ActiveCfg = Debug|Any CPU
		{A4135E07-A09B-41BB-B9DA-A900B611A993}.Debug|Any CPU.Build.0 = Debug|Any CPU
		{A4135E07-A09B-41BB-B9DA-A900B611A993}.Release|Any CPU.ActiveCfg = Release|Any CPU
		{A4135E07-A09B-41BB-B9DA-A900B611A993}.Release|Any CPU.Build.0 = Release|Any CPU
	EndGlobalSection
	GlobalSection(SolutionProperties) = preSolution
		HideSolutionNode = FALSE
	EndGlobalSection
	GlobalSection(ExtensibilityGlobals) = postSolution
		SolutionGuid = {7748056B-6C56-4815-9ECC-145A78A2A680}
	EndGlobalSection
EndGlobal
